# THIS IS AN AUTOGENERATED FILE. DO NOT EDIT THIS FILE DIRECTLY.
# yarn lockfile v1


"@fluent-org/logger@^1.0.7":
  version "1.0.7"
  resolved "https://registry.yarnpkg.com/@fluent-org/logger/-/logger-1.0.7.tgz#a6f8962423a892db8cfb8d25a9b503d8f1ab324f"
  integrity sha512-N7u6MZCuml+SpPJuDJhktgDh+OZ6KsHsDkv9D8WPJkZfUN5iwyvQal7msrxciXYiQiO9LrFNSeYPsz58kVSjzQ==
  dependencies:
    "@msgpack/msgpack" "^2.7.1"

"@msgpack/msgpack@^2.7.1":
  version "2.7.2"
  resolved "https://registry.yarnpkg.com/@msgpack/msgpack/-/msgpack-2.7.2.tgz#f34b8aa0c49f0dd55eb7eba577081299cbf3f90b"
  integrity sha512-rYEi46+gIzufyYUAoHDnRzkWGxajpD9vVXFQ3g1vbjrBm6P7MBmm+s/fqPa46sxa+8FOUdEuRQKaugo5a4JWpw==
